
Microsoft Visual Studio Solution File, Format Version 12.00
# Visual Studio Version 17
VisualStudioVersion = 17.9.34902.65
MinimumVisualStudioVersion = 10.0.40219.1
Project("{9A19103F-16F7-4668-BE54-9A1E7A4F7556}") = "Dnc.Common.Razor", "Dnc.Common.Razor\Dnc.Common.Razor.csproj", "{2FB6A177-7354-44CC-AB55-F0030D7DC909}"
EndProject
Project("{9A19103F-16F7-4668-BE54-9A1E7A4F7556}") = "Dnc.Toast.WebApp", "Dnc.Toast.WebApp\Dnc.Toast.WebApp.csproj", "{4B7E2388-3B94-4ACC-849D-0911F1C1B869}"
EndProject
Global
	GlobalSection(SolutionConfigurationPlatforms) = preSolution
		Debug|Any CPU = Debug|Any CPU
		Release|Any CPU = Release|Any CPU
	EndGlobalSection
	GlobalSection(ProjectConfigurationPlatforms) = postSolution
		{2FB6A177-7354-44CC-AB55-F0030D7DC909}.Debug|Any CPU.ActiveCfg = Debug|Any CPU
		{2FB6A177-7354-44CC-AB55-F0030D7DC909}.Debug|Any CPU.Build.0 = Debug|Any CPU
		{2FB6A177-7354-44CC-AB55-F0030D7DC909}.Release|Any CPU.ActiveCfg = Release|Any CPU
		{2FB6A177-7354-44CC-AB55-F0030D7DC909}.Release|Any CPU.Build.0 = Release|Any CPU
		{4B7E2388-3B94-4ACC-849D-0911F1C1B869}.Debug|Any CPU.ActiveCfg = Debug|Any CPU
		{4B7E2388-3B94-4ACC-849D-0911F1C1B869}.Debug|Any CPU.Build.0 = Debug|Any CPU
		{4B7E2388-3B94-4ACC-849D-0911F1C1B869}.Release|Any CPU.ActiveCfg = Release|Any CPU
		{4B7E2388-3B94-4ACC-849D-0911F1C1B869}.Release|Any CPU.Build.0 = Release|Any CPU
	EndGlobalSection
	GlobalSection(SolutionProperties) = preSolution
		HideSolutionNode = FALSE
	EndGlobalSection
	GlobalSection(ExtensibilityGlobals) = postSolution
		SolutionGuid = {091DF32F-BC22-4A11-86BE-7C65B0A5BAEB}
	EndGlobalSection
EndGlobal
